schema: '2.0'
stages:
  ml_data_integration:
    cmd: python src/ml_01_data_integration.py
    deps:
    - path: data/raw/GSE5281_series_matrix.txt
      hash: md5
      md5: cb0818a4dcb41a5fcfedc04eb6d90046
      size: 77423137
    - path: src/ml_01_data_integration.py
      hash: md5
      md5: 756f301cd34f7c4d98d0476e6997fb99
      size: 1143
    - path: src/ml_common.py
      hash: md5
      md5: 70ba2993961ddc9711b868f9f327f726
      size: 4645
    outs:
    - path: data/interim/expression_matrix.csv
      hash: md5
      md5: 6c4969f086e4537bd1abac58f9227a4d
      size: 77149252
    - path: data/interim/sample_metadata.csv
      hash: md5
      md5: eacfb757ac2b4adf77f98abee269bb33
      size: 97658
  ml_data_cleaning_processing:
    cmd: python src/ml_02_data_cleaning_processing.py
    deps:
    - path: data/interim/expression_matrix.csv
      hash: md5
      md5: 6c4969f086e4537bd1abac58f9227a4d
      size: 77149252
    - path: data/interim/sample_metadata.csv
      hash: md5
      md5: eacfb757ac2b4adf77f98abee269bb33
      size: 97658
    - path: src/ml_02_data_cleaning_processing.py
      hash: md5
      md5: 2825ed8516d7e2bc5987474a42d80be2
      size: 3635
    - path: src/ml_common.py
      hash: md5
      md5: 70ba2993961ddc9711b868f9f327f726
      size: 4645
    outs:
    - path: data/processed/differential_expression_results.csv
      hash: md5
      md5: 4b3628b74298e2f6b5a3490c264e9474
      size: 3798640
    - path: data/processed/expression_log2.csv
      hash: md5
      md5: a5a8d378386c223126f9b6c8a6523caf
      size: 160451158
    - path: data/processed/ml_features.csv
      hash: md5
      md5: ccf9d912bf0b8cffc1415184f6ccf247
      size: 15802824
    - path: data/processed/ml_labels.csv
      hash: md5
      md5: b1efec5c8e3b312e71d6c2d811e5f948
      size: 8310
    - path: data/processed/selected_genes.csv
      hash: md5
      md5: 18666b596234797d8d16c2f18d34b752
      size: 146937
    - path: models/preprocessor.joblib
      hash: md5
      md5: 5ce427f238a06b8e026d8f2140c94b79
      size: 284159
  ml_model_training:
    cmd: python src/ml_03_model_training.py --epochs 150
    deps:
    - path: data/processed/ml_features.csv
      hash: md5
      md5: ccf9d912bf0b8cffc1415184f6ccf247
      size: 15802824
    - path: data/processed/ml_labels.csv
      hash: md5
      md5: b1efec5c8e3b312e71d6c2d811e5f948
      size: 8310
    - path: src/ml_03_model_training.py
      hash: md5
      md5: d7d00133abb5ea69f0f835b809a2294c
      size: 4399
    - path: src/ml_common.py
      hash: md5
      md5: 70ba2993961ddc9711b868f9f327f726
      size: 4645
    outs:
    - path: models/contrastive_encoder.joblib
      hash: md5
      md5: f8acd8a0dca3d0c5ed4721c2de939667
      size: 21651215
    - path: models/random_forest_classifier.joblib
      hash: md5
      md5: 58c4bc012634d016983b408d09a23f43
      size: 63817
    - path: models/training_split.joblib
      hash: md5
      md5: 8d34abc3f92eccdf6107f88741ba7e34
      size: 25666
  ml_model_evaluation:
    cmd: python src/ml_04_model_evaluation.py
    deps:
    - path: data/processed/ml_features.csv
      hash: md5
      md5: ccf9d912bf0b8cffc1415184f6ccf247
      size: 15802824
    - path: data/processed/ml_labels.csv
      hash: md5
      md5: b1efec5c8e3b312e71d6c2d811e5f948
      size: 8310
    - path: models/contrastive_encoder.joblib
      hash: md5
      md5: f8acd8a0dca3d0c5ed4721c2de939667
      size: 21651215
    - path: models/random_forest_classifier.joblib
      hash: md5
      md5: 58c4bc012634d016983b408d09a23f43
      size: 63817
    - path: models/training_split.joblib
      hash: md5
      md5: 8d34abc3f92eccdf6107f88741ba7e34
      size: 25666
    - path: src/ml_03_model_training.py
      hash: md5
      md5: d7d00133abb5ea69f0f835b809a2294c
      size: 4399
    - path: src/ml_04_model_evaluation.py
      hash: md5
      md5: 4819a939dc99c415910abe962d9dd976
      size: 2616
    - path: src/ml_common.py
      hash: md5
      md5: 70ba2993961ddc9711b868f9f327f726
      size: 4645
    outs:
    - path: data/processed/classification_report.csv
      hash: md5
      md5: ad7ec34245778115759c55749c3b58b2
      size: 402
    - path: data/processed/confusion_matrix.csv
      hash: md5
      md5: 5d51e763380536338e91cf4e8248d2d8
      size: 57
    - path: data/processed/model_metrics.json
      hash: md5
      md5: 5653c783174b5caffd4290ac73a881ec
      size: 186
  ml_visualization:
    cmd: python src/ml_05_visualization.py
    deps:
    - path: data/processed/confusion_matrix.csv
      hash: md5
      md5: 5d51e763380536338e91cf4e8248d2d8
      size: 57
    - path: data/processed/differential_expression_results.csv
      hash: md5
      md5: 4b3628b74298e2f6b5a3490c264e9474
      size: 3798640
    - path: data/processed/expression_log2.csv
      hash: md5
      md5: a5a8d378386c223126f9b6c8a6523caf
      size: 160451158
    - path: data/processed/ml_features.csv
      hash: md5
      md5: ccf9d912bf0b8cffc1415184f6ccf247
      size: 15802824
    - path: data/processed/ml_labels.csv
      hash: md5
      md5: b1efec5c8e3b312e71d6c2d811e5f948
      size: 8310
    - path: models/contrastive_encoder.joblib
      hash: md5
      md5: f8acd8a0dca3d0c5ed4721c2de939667
      size: 21651215
    - path: src/ml_03_model_training.py
      hash: md5
      md5: d7d00133abb5ea69f0f835b809a2294c
      size: 4399
    - path: src/ml_05_visualization.py
      hash: md5
      md5: eb7a5ec921bb45f890dedc4db4e1d197
      size: 4398
    - path: src/ml_common.py
      hash: md5
      md5: 70ba2993961ddc9711b868f9f327f726
      size: 4645
    outs:
    - path: data/processed/figures/confusion_matrix.png
      hash: md5
      md5: 97cf0189c77046b54bd85477d9838582
      size: 65699
    - path: data/processed/figures/latent_pca.png
      hash: md5
      md5: 5c8d947681f6d35de39ead71f83062fb
      size: 217872
    - path: data/processed/figures/top_probe_heatmap.png
      hash: md5
      md5: 1d37783669a0d21492195485ec1e4683
      size: 239550
    - path: data/processed/figures/volcano_plot.png
      hash: md5
      md5: 0bb57e762957d23f48c5dfdad9faba99
      size: 585741
